# THIS IS AN AUTOGENERATED FILE. DO NOT EDIT THIS FILE DIRECTLY.
# yarn lockfile v1


"@types/prop-types@*":
  version "15.5.6"
  resolved "https://registry.yarnpkg.com/@types/prop-types/-/prop-types-15.5.6.tgz#9c03d3fed70a8d517c191b7734da2879b50ca26c"

"@types/react-native@^0.57.12":
  version "0.57.12"
  resolved "https://registry.yarnpkg.com/@types/react-native/-/react-native-0.57.12.tgz#cd012ea3f4f30e70af580a14f5805d85827f92e6"
  dependencies:
    "@types/prop-types" "*"
    "@types/react" "*"

"@types/react@*":
  version "16.7.6"
  resolved "https://registry.yarnpkg.com/@types/react/-/react-16.7.6.tgz#80e4bab0d0731ad3ae51f320c4b08bdca5f03040"
  dependencies:
    "@types/prop-types" "*"
    csstype "^2.2.0"

"@types/react@^16.7.20":
  version "16.7.20"
  resolved "https://registry.yarnpkg.com/@types/react/-/react-16.7.20.tgz#13ae752c012710d0fa800985ca809814b51d3b58"
  dependencies:
    "@types/prop-types" "*"
    csstype "^2.2.0"

csstype@^2.2.0:
  version "2.5.7"
  resolved "https://registry.yarnpkg.com/csstype/-/csstype-2.5.7.tgz#bf9235d5872141eccfb2d16d82993c6b149179ff"

typescript@^3.1.6:
  version "3.1.6"
  resolved "https://registry.yarnpkg.com/typescript/-/typescript-3.1.6.tgz#b6543a83cfc8c2befb3f4c8fba6896f5b0c9be68"
